
Microsoft Visual Studio Solution File, Format Version 12.00
# Visual Studio Version 16
VisualStudioVersion = 16.0.31019.35
MinimumVisualStudioVersion = 10.0.40219.1
Project("{8BC9CEB8-8B4A-11D0-8D11-00A0C91BC942}") = "Zadatak1", "Zadatak1\Zadatak1.vcxproj", "{20847769-A655-470E-83D6-B2F6323803DF}"
EndProject
Project("{8BC9CEB8-8B4A-11D0-8D11-00A0C91BC942}") = "Zadatak2", "Zadatak2\Zadatak2.vcxproj", "{E4178164-B1B1-4FF2-A42E-868E5E9DA4BE}"
EndProject
Global
	GlobalSection(SolutionConfigurationPlatforms) = preSolution
		Debug|x64 = Debug|x64
		Debug|x86 = Debug|x86
		Release|x64 = Release|x64
		Release|x86 = Release|x86
	EndGlobalSection
	GlobalSection(ProjectConfigurationPlatforms) = postSolution
		{20847769-A655-470E-83D6-B2F6323803DF}.Debug|x64.ActiveCfg = Debug|x64
		{20847769-A655-470E-83D6-B2F6323803DF}.Debug|x64.Build.0 = Debug|x64
		{20847769-A655-470E-83D6-B2F6323803DF}.Debug|x86.ActiveCfg = Debug|Win32
		{20847769-A655-470E-83D6-B2F6323803DF}.Debug|x86.Build.0 = Debug|Win32
		{20847769-A655-470E-83D6-B2F6323803DF}.Release|x64.ActiveCfg = Release|x64
		{20847769-A655-470E-83D6-B2F6323803DF}.Release|x64.Build.0 = Release|x64
		{20847769-A655-470E-83D6-B2F6323803DF}.Release|x86.ActiveCfg = Release|Win32
		{20847769-A655-470E-83D6-B2F6323803DF}.Release|x86.Build.0 = Release|Win32
		{E4178164-B1B1-4FF2-A42E-868E5E9DA4BE}.Debug|x64.ActiveCfg = Debug|x64
		{E4178164-B1B1-4FF2-A42E-868E5E9DA4BE}.Debug|x64.Build.0 = Debug|x64
		{E4178164-B1B1-4FF2-A42E-868E5E9DA4BE}.Debug|x86.ActiveCfg = Debug|Win32
		{E4178164-B1B1-4FF2-A42E-868E5E9DA4BE}.Debug|x86.Build.0 = Debug|Win32
		{E4178164-B1B1-4FF2-A42E-868E5E9DA4BE}.Release|x64.ActiveCfg = Release|x64
		{E4178164-B1B1-4FF2-A42E-868E5E9DA4BE}.Release|x64.Build.0 = Release|x64
		{E4178164-B1B1-4FF2-A42E-868E5E9DA4BE}.Release|x86.ActiveCfg = Release|Win32
		{E4178164-B1B1-4FF2-A42E-868E5E9DA4BE}.Release|x86.Build.0 = Release|Win32
	EndGlobalSection
	GlobalSection(SolutionProperties) = preSolution
		HideSolutionNode = FALSE
	EndGlobalSection
	GlobalSection(ExtensibilityGlobals) = postSolution
		SolutionGuid = {57F0542A-69BA-4966-ADB6-CE5C62F08858}
	EndGlobalSection
EndGlobal
